
Microsoft Visual Studio Solution File, Format Version 12.00
# Visual Studio Version 17
VisualStudioVersion = 17.14.36414.22 d17.14
MinimumVisualStudioVersion = 10.0.40219.1
Project("{FAE04EC0-301F-11D3-BF4B-00C04F79EFBC}") = "Animals", "Animals\Animals.csproj", "{D9A751F2-E2D8-454D-92DA-EAF4989A01DC}"
EndProject
Global
	GlobalSection(SolutionConfigurationPlatforms) = preSolution
		Debug|Any CPU = Debug|Any CPU
		Release|Any CPU = Release|Any CPU
	EndGlobalSection
	GlobalSection(ProjectConfigurationPlatforms) = postSolution
		{D9A751F2-E2D8-454D-92DA-EAF4989A01DC}.Debug|Any CPU.ActiveCfg = Debug|Any CPU
		{D9A751F2-E2D8-454D-92DA-EAF4989A01DC}.Debug|Any CPU.Build.0 = Debug|Any CPU
		{D9A751F2-E2D8-454D-92DA-EAF4989A01DC}.Release|Any CPU.ActiveCfg = Release|Any CPU
		{D9A751F2-E2D8-454D-92DA-EAF4989A01DC}.Release|Any CPU.Build.0 = Release|Any CPU
	EndGlobalSection
	GlobalSection(SolutionProperties) = preSolution
		HideSolutionNode = FALSE
	EndGlobalSection
	GlobalSection(ExtensibilityGlobals) = postSolution
		SolutionGuid = {54D18924-242F-4A32-8886-766D9FB72A04}
	EndGlobalSection
EndGlobal
